
Microsoft Visual Studio Solution File, Format Version 12.00
# Visual Studio 2015
Project("{FAE04EC0-301F-11D3-BF4B-00C04F79EFBC}") = "UntitledGame", "UntitledGame.csproj", "{D5E67CA8-3957-FD2C-3AA4-C4461B75A0AD}"
EndProject
Project("{FAE04EC0-301F-11D3-BF4B-00C04F79EFBC}") = "UntitledGame.Editor", "UntitledGame.Editor.csproj", "{7BDDBF1D-8FCA-B21C-563F-494A0AB0A9AA}"
EndProject
Global
	GlobalSection(SolutionConfigurationPlatforms) = preSolution
		Debug|Any CPU = Debug|Any CPU
		Release|Any CPU = Release|Any CPU
	EndGlobalSection
	GlobalSection(ProjectConfigurationPlatforms) = postSolution
		{D5E67CA8-3957-FD2C-3AA4-C4461B75A0AD}.Debug|Any CPU.ActiveCfg = Debug|Any CPU
		{D5E67CA8-3957-FD2C-3AA4-C4461B75A0AD}.Debug|Any CPU.Build.0 = Debug|Any CPU
		{D5E67CA8-3957-FD2C-3AA4-C4461B75A0AD}.Release|Any CPU.ActiveCfg = Release|Any CPU
		{D5E67CA8-3957-FD2C-3AA4-C4461B75A0AD}.Release|Any CPU.Build.0 = Release|Any CPU
		{7BDDBF1D-8FCA-B21C-563F-494A0AB0A9AA}.Debug|Any CPU.ActiveCfg = Debug|Any CPU
		{7BDDBF1D-8FCA-B21C-563F-494A0AB0A9AA}.Debug|Any CPU.Build.0 = Debug|Any CPU
		{7BDDBF1D-8FCA-B21C-563F-494A0AB0A9AA}.Release|Any CPU.ActiveCfg = Release|Any CPU
		{7BDDBF1D-8FCA-B21C-563F-494A0AB0A9AA}.Release|Any CPU.Build.0 = Release|Any CPU
	EndGlobalSection
	GlobalSection(SolutionProperties) = preSolution
		HideSolutionNode = FALSE
	EndGlobalSection
EndGlobal
